{
    "_readme": [
        "This file locks the dependencies of your project to a known state",
        "Read more about it at http://getcomposer.org/doc/01-basic-usage.md#composer-lock-the-lock-file"
    ],
    "hash": "8047c73902f7a0638456d6315603756a",
    "packages": [
        {
            "name": "block8/b8framework",
            "version": "dev-master",
            "source": {
                "type": "git",
                "url": "https://github.com/Block8/b8framework.git",
                "reference": "3c9a327df1ed6557dc1d8dc4b6e494ad6107b465"
            },
            "dist": {
                "type": "zip",
                "url": "https://api.github.com/repos/Block8/b8framework/zipball/3c9a327df1ed6557dc1d8dc4b6e494ad6107b465",
                "reference": "3c9a327df1ed6557dc1d8dc4b6e494ad6107b465",
                "shasum": ""
            },
            "require": {
                "php": ">=5.3.0",
                "symfony/yaml": "2.*"
            },
            "type": "library",
            "autoload": {
                "psr-0": {
                    "b8": ""
                }
            },
            "notification-url": "https://packagist.org/downloads/",
            "license": [
                "BSD"
            ],
            "authors": [
                {
                    "name": "Block 8 Limited",
                    "email": "hello@block8.co.uk",
                    "homepage": "http://www.block8.co.uk"
                }
            ],
            "description": "Simple, lightweight framework for high-throughput applications",
            "homepage": "https://github.com/block8/b8framework",
            "keywords": [
                "b8",
                "block8",
                "framework",
                "lightweight",
                "mvc",
                "php"
            ],
            "time": "2014-03-10 15:05:51"
        },
        {
            "name": "dg/twitter-php",
            "version": "v3.3",
            "source": {
                "type": "git",
                "url": "https://github.com/dg/twitter-php.git",
                "reference": "9836ec207ce85ad0b78172d54db3aafac82fb815"
            },
            "dist": {
                "type": "zip",
                "url": "https://api.github.com/repos/dg/twitter-php/zipball/9836ec207ce85ad0b78172d54db3aafac82fb815",
                "reference": "9836ec207ce85ad0b78172d54db3aafac82fb815",
                "shasum": ""
            },
            "type": "library",
            "autoload": {
                "classmap": [
                    "src/"
                ]
            },
            "notification-url": "https://packagist.org/downloads/",
            "license": [
                "BSD-3"
            ],
            "authors": [
                {
                    "name": "David Grudl",
                    "homepage": "http://davidgrudl.com"
                }
            ],
            "description": "Small and easy Twitter wrapper for PHP.",
            "homepage": "https://github.com/dg/twitter-php",
            "keywords": [
                "oauth",
                "twitter"
            ],
            "time": "2014-03-10 18:09:07"
        },
        {
            "name": "google/apiclient",
            "version": "1.0.4-beta",
            "source": {
                "type": "git",
                "url": "https://github.com/google/google-api-php-client.git",
                "reference": "eb5934d58761f1a8575e6df6de02fdce89dd89d2"
            },
            "dist": {
                "type": "zip",
                "url": "https://api.github.com/repos/google/google-api-php-client/zipball/eb5934d58761f1a8575e6df6de02fdce89dd89d2",
                "reference": "eb5934d58761f1a8575e6df6de02fdce89dd89d2",
                "shasum": ""
            },
            "require": {
                "php": ">=5.2.1"
            },
            "type": "library",
            "autoload": {
                "classmap": [
                    "src/"
                ]
            },
            "notification-url": "https://packagist.org/downloads/",
            "include-path": [
                "src/"
            ],
            "license": [
                "Apache-2.0"
            ],
            "description": "Client library for Google APIs",
            "homepage": "http://developers.google.com/api-client-library/php",
            "keywords": [
                "google"
            ],
            "time": "2014-03-07 17:54:19"
        },
        {
            "name": "symfony/console",
            "version": "dev-master",
            "target-dir": "Symfony/Component/Console",
            "source": {
                "type": "git",
                "url": "https://github.com/symfony/Console.git",
                "reference": "563254c27e37efb65aae587286602ae6f5f18acd"
            },
            "dist": {
                "type": "zip",
                "url": "https://api.github.com/repos/symfony/Console/zipball/563254c27e37efb65aae587286602ae6f5f18acd",
                "reference": "563254c27e37efb65aae587286602ae6f5f18acd",
                "shasum": ""
            },
            "require": {
                "php": ">=5.3.3"
            },
            "require-dev": {
                "symfony/event-dispatcher": "~2.1"
            },
            "suggest": {
                "symfony/event-dispatcher": ""
            },
            "type": "library",
            "extra": {
                "branch-alias": {
                    "dev-master": "2.5-dev"
                }
            },
            "autoload": {
                "psr-0": {
                    "Symfony\\Component\\Console\\": ""
                }
            },
            "notification-url": "https://packagist.org/downloads/",
            "license": [
                "MIT"
            ],
            "authors": [
                {
                    "name": "Fabien Potencier",
                    "email": "fabien@symfony.com",
                    "homepage": "http://fabien.potencier.org",
                    "role": "Lead Developer"
                },
                {
                    "name": "Symfony Community",
                    "homepage": "http://symfony.com/contributors"
                }
            ],
            "description": "Symfony Console Component",
            "homepage": "http://symfony.com",
            "time": "2014-03-03 13:53:19"
        },
        {
            "name": "symfony/yaml",
            "version": "dev-master",
            "target-dir": "Symfony/Component/Yaml",
            "source": {
                "type": "git",
                "url": "https://github.com/symfony/Yaml.git",
                "reference": "6194137af5f12fbcfc0cb21e269f47542b8beb47"
            },
            "dist": {
                "type": "zip",
                "url": "https://api.github.com/repos/symfony/Yaml/zipball/6194137af5f12fbcfc0cb21e269f47542b8beb47",
                "reference": "6194137af5f12fbcfc0cb21e269f47542b8beb47",
                "shasum": ""
            },
            "require": {
                "php": ">=5.3.3"
            },
            "type": "library",
            "extra": {
                "branch-alias": {
                    "dev-master": "2.5-dev"
                }
            },
            "autoload": {
                "psr-0": {
                    "Symfony\\Component\\Yaml\\": ""
                }
            },
            "notification-url": "https://packagist.org/downloads/",
            "license": [
                "MIT"
            ],
            "authors": [
                {
                    "name": "Fabien Potencier",
                    "email": "fabien@symfony.com",
                    "homepage": "http://fabien.potencier.org",
                    "role": "Lead Developer"
                },
                {
                    "name": "Symfony Community",
                    "homepage": "http://symfony.com/contributors"
                }
            ],
            "description": "Symfony Yaml Component",
            "homepage": "http://symfony.com",
            "time": "2014-03-03 12:53:01"
        }
    ],
    "packages-dev": [

    ],
    "aliases": [

    ],
    "minimum-stability": "dev",
    "stability-flags": {
        "block8/b8framework": 20
    },
    "platform": [

    ],
    "platform-dev": [

    ]
}
